
Microsoft Visual Studio Solution File, Format Version 12.00
# Visual Studio Version 17
VisualStudioVersion = 17.13.35825.156 d17.13
MinimumVisualStudioVersion = 10.0.40219.1
Project("{FAE04EC0-301F-11D3-BF4B-00C04F79EFBC}") = "EducationalApp", "EducationalApp\EducationalApp.csproj", "{53409BAE-D8C1-4BFF-934D-A28D3AF27812}"
EndProject
Global
	GlobalSection(SolutionConfigurationPlatforms) = preSolution
		Debug|Any CPU = Debug|Any CPU
		Release|Any CPU = Release|Any CPU
	EndGlobalSection
	GlobalSection(ProjectConfigurationPlatforms) = postSolution
		{53409BAE-D8C1-4BFF-934D-A28D3AF27812}.Debug|Any CPU.ActiveCfg = Debug|Any CPU
		{53409BAE-D8C1-4BFF-934D-A28D3AF27812}.Debug|Any CPU.Build.0 = Debug|Any CPU
		{53409BAE-D8C1-4BFF-934D-A28D3AF27812}.Debug|Any CPU.Deploy.0 = Debug|Any CPU
		{53409BAE-D8C1-4BFF-934D-A28D3AF27812}.Release|Any CPU.ActiveCfg = Release|Any CPU
		{53409BAE-D8C1-4BFF-934D-A28D3AF27812}.Release|Any CPU.Build.0 = Release|Any CPU
		{53409BAE-D8C1-4BFF-934D-A28D3AF27812}.Release|Any CPU.Deploy.0 = Release|Any CPU
	EndGlobalSection
	GlobalSection(SolutionProperties) = preSolution
		HideSolutionNode = FALSE
	EndGlobalSection
	GlobalSection(ExtensibilityGlobals) = postSolution
		SolutionGuid = {852B6241-2166-49A5-9B6E-5A70E8E94369}
	EndGlobalSection
EndGlobal
